
Microsoft Visual Studio Solution File, Format Version 12.00
# Visual Studio 14
VisualStudioVersion = 14.0.23107.0
MinimumVisualStudioVersion = 10.0.40219.1
Project("{FAE04EC0-301F-11D3-BF4B-00C04F79EFBC}") = "TimeTable.WebApplication", "TimeTable.WebApplication\TimeTable.WebApplication.csproj", "{A8328F4E-2839-4D67-89E5-66200783C784}"
EndProject
Project("{FAE04EC0-301F-11D3-BF4B-00C04F79EFBC}") = "TimeTable.BL", "TimeTable.BL\TimeTable.BL.csproj", "{FFF7454D-7AD3-427B-A921-8CCB3AB0F2CF}"
EndProject
Project("{E24C65DC-7377-472B-9ABA-BC803B73C61A}") = "TimeTable.Web", "..\TimeTable.Web\", "{1CA19B92-AC83-4944-A33B-0369D7FC9590}"
	ProjectSection(WebsiteProperties) = preProject
		TargetFrameworkMoniker = ".NETFramework,Version%3Dv4.5.2"
		Debug.AspNetCompiler.VirtualPath = "/localhost_50827"
		Debug.AspNetCompiler.PhysicalPath = "..\TimeTable.Web\"
		Debug.AspNetCompiler.TargetPath = "PrecompiledWeb\localhost_50827\"
		Debug.AspNetCompiler.Updateable = "true"
		Debug.AspNetCompiler.ForceOverwrite = "true"
		Debug.AspNetCompiler.FixedNames = "false"
		Debug.AspNetCompiler.Debug = "True"
		Release.AspNetCompiler.VirtualPath = "/localhost_50827"
		Release.AspNetCompiler.PhysicalPath = "..\TimeTable.Web\"
		Release.AspNetCompiler.TargetPath = "PrecompiledWeb\localhost_50827\"
		Release.AspNetCompiler.Updateable = "true"
		Release.AspNetCompiler.ForceOverwrite = "true"
		Release.AspNetCompiler.FixedNames = "false"
		Release.AspNetCompiler.Debug = "False"
		VWDPort = "50827"
		SlnRelativePath = "..\TimeTable.Web\"
	EndProjectSection
EndProject
Global
	GlobalSection(SolutionConfigurationPlatforms) = preSolution
		Debug|Any CPU = Debug|Any CPU
		Release|Any CPU = Release|Any CPU
	EndGlobalSection
	GlobalSection(ProjectConfigurationPlatforms) = postSolution
		{A8328F4E-2839-4D67-89E5-66200783C784}.Debug|Any CPU.ActiveCfg = Debug|Any CPU
		{A8328F4E-2839-4D67-89E5-66200783C784}.Debug|Any CPU.Build.0 = Debug|Any CPU
		{A8328F4E-2839-4D67-89E5-66200783C784}.Release|Any CPU.ActiveCfg = Release|Any CPU
		{A8328F4E-2839-4D67-89E5-66200783C784}.Release|Any CPU.Build.0 = Release|Any CPU
		{FFF7454D-7AD3-427B-A921-8CCB3AB0F2CF}.Debug|Any CPU.ActiveCfg = Debug|Any CPU
		{FFF7454D-7AD3-427B-A921-8CCB3AB0F2CF}.Debug|Any CPU.Build.0 = Debug|Any CPU
		{FFF7454D-7AD3-427B-A921-8CCB3AB0F2CF}.Release|Any CPU.ActiveCfg = Release|Any CPU
		{FFF7454D-7AD3-427B-A921-8CCB3AB0F2CF}.Release|Any CPU.Build.0 = Release|Any CPU
		{1CA19B92-AC83-4944-A33B-0369D7FC9590}.Debug|Any CPU.ActiveCfg = Debug|Any CPU
		{1CA19B92-AC83-4944-A33B-0369D7FC9590}.Debug|Any CPU.Build.0 = Debug|Any CPU
		{1CA19B92-AC83-4944-A33B-0369D7FC9590}.Release|Any CPU.ActiveCfg = Debug|Any CPU
		{1CA19B92-AC83-4944-A33B-0369D7FC9590}.Release|Any CPU.Build.0 = Debug|Any CPU
	EndGlobalSection
	GlobalSection(SolutionProperties) = preSolution
		HideSolutionNode = FALSE
	EndGlobalSection
EndGlobal
